// !$*UTF8*$!
{
	archiveVersion = 1;
	classes = {
	};
	objectVersion = 46;
	objects = {

/* Begin PBXBuildFile section */
		FB0B56ED1E664DD200051722 /* AppDelegate.swift in Sources */ = {isa = PBXBuildFile; fileRef = FB0B56EC1E664DD200051722 /* AppDelegate.swift */; };
		FB0B56EF1E664DD200051722 /* ViewController.swift in Sources */ = {isa = PBXBuildFile; fileRef = FB0B56EE1E664DD200051722 /* ViewController.swift */; };
		FB0B56F21E664DD200051722 /* Main.storyboard in Resources */ = {isa = PBXBuildFile; fileRef = FB0B56F01E664DD200051722 /* Main.storyboard */; };
		FB0B56F41E664DD200051722 /* Assets.xcassets in Resources */ = {isa = PBXBuildFile; fileRef = FB0B56F31E664DD200051722 /* Assets.xcassets */; };
		FB0B56F71E664DD200051722 /* LaunchScreen.storyboard in Resources */ = {isa = PBXBuildFile; fileRef = FB0B56F51E664DD200051722 /* LaunchScreen.storyboard */; };
		FB0B57011E664ED900051722 /* ProductsCollectionViewController.swift in Sources */ = {isa = PBXBuildFile; fileRef = FB0B57001E664ED900051722 /* ProductsCollectionViewController.swift */; };
		FB0B57031E664F4F00051722 /* ItemCollectionViewCell.swift in Sources */ = {isa = PBXBuildFile; fileRef = FB0B57021E664F4F00051722 /* ItemCollectionViewCell.swift */; };
		FB0B57051E664F7E00051722 /* Item.swift in Sources */ = {isa = PBXBuildFile; fileRef = FB0B57041E664F7E00051722 /* Item.swift */; };
		FB0B57071E66638300051722 /* NormalViewController.swift in Sources */ = {isa = PBXBuildFile; fileRef = FB0B57061E66638300051722 /* NormalViewController.swift */; };
		FB0B57091E6669E900051722 /* DetailViewController.swift in Sources */ = {isa = PBXBuildFile; fileRef = FB0B57081E6669E900051722 /* DetailViewController.swift */; };
/* End PBXBuildFile section */

/* Begin PBXFileReference section */
		FB0B56E91E664DD200051722 /* CollectionViewController.app */ = {isa = PBXFileReference; explicitFileType = wrapper.application; includeInIndex = 0; path = CollectionViewController.app; sourceTree = BUILT_PRODUCTS_DIR; };
		FB0B56EC1E664DD200051722 /* AppDelegate.swift */ = {isa = PBXFileReference; lastKnownFileType = sourcecode.swift; path = AppDelegate.swift; sourceTree = "<group>"; };
		FB0B56EE1E664DD200051722 /* ViewController.swift */ = {isa = PBXFileReference; lastKnownFileType = sourcecode.swift; path = ViewController.swift; sourceTree = "<group>"; };
		FB0B56F11E664DD200051722 /* Base */ = {isa = PBXFileReference; lastKnownFileType = file.storyboard; name = Base; path = Base.lproj/Main.storyboard; sourceTree = "<group>"; };
		FB0B56F31E664DD200051722 /* Assets.xcassets */ = {isa = PBXFileReference; lastKnownFileType = folder.assetcatalog; path = Assets.xcassets; sourceTree = "<group>"; };
		FB0B56F61E664DD200051722 /* Base */ = {isa = PBXFileReference; lastKnownFileType = file.storyboard; name = Base; path = Base.lproj/LaunchScreen.storyboard; sourceTree = "<group>"; };
		FB0B56F81E664DD200051722 /* Info.plist */ = {isa = PBXFileReference; lastKnownFileType = text.plist.xml; path = Info.plist; sourceTree = "<group>"; };
		FB0B57001E664ED900051722 /* ProductsCollectionViewController.swift */ = {isa = PBXFileReference; fileEncoding = 4; lastKnownFileType = sourcecode.swift; path = ProductsCollectionViewController.swift; sourceTree = "<group>"; };
		FB0B57021E664F4F00051722 /* ItemCollectionViewCell.swift */ = {isa = PBXFileReference; fileEncoding = 4; lastKnownFileType = sourcecode.swift; path = ItemCollectionViewCell.swift; sourceTree = "<group>"; };
		FB0B57041E664F7E00051722 /* Item.swift */ = {isa = PBXFileReference; fileEncoding = 4; lastKnownFileType = sourcecode.swift; path = Item.swift; sourceTree = "<group>"; };
		FB0B57061E66638300051722 /* NormalViewController.swift */ = {isa = PBXFileReference; fileEncoding = 4; lastKnownFileType = sourcecode.swift; path = NormalViewController.swift; sourceTree = "<group>"; };
		FB0B57081E6669E900051722 /* DetailViewController.swift */ = {isa = PBXFileReference; fileEncoding = 4; lastKnownFileType = sourcecode.swift; path = DetailViewController.swift; sourceTree = "<group>"; };
/* End PBXFileReference section */

/* Begin PBXFrameworksBuildPhase section */
		FB0B56E61E664DD200051722 /* Frameworks */ = {
			isa = PBXFrameworksBuildPhase;
			buildActionMask = 2147483647;
			files = (
			);
			runOnlyForDeploymentPostprocessing = 0;
		};
/* End PBXFrameworksBuildPhase section */

/* Begin PBXGroup section */
		FB0B56E01E664DD200051722 = {
			isa = PBXGroup;
			children = (
				FB0B56EB1E664DD200051722 /* CollectionViewController */,
				FB0B56EA1E664DD200051722 /* Products */,
			);
			sourceTree = "<group>";
		};
		FB0B56EA1E664DD200051722 /* Products */ = {
			isa = PBXGroup;
			children = (
				FB0B56E91E664DD200051722 /* CollectionViewController.app */,
			);
			name = Products;
			sourceTree = "<group>";
		};
		FB0B56EB1E664DD200051722 /* CollectionViewController */ = {
			isa = PBXGroup;
			children = (
				FB0B56EC1E664DD200051722 /* AppDelegate.swift */,
				FB0B56EE1E664DD200051722 /* ViewController.swift */,
				FB0B56F01E664DD200051722 /* Main.storyboard */,
				FB0B56F31E664DD200051722 /* Assets.xcassets */,
				FB0B56F51E664DD200051722 /* LaunchScreen.storyboard */,
				FB0B56F81E664DD200051722 /* Info.plist */,
				FB0B57001E664ED900051722 /* ProductsCollectionViewController.swift */,
				FB0B57021E664F4F00051722 /* ItemCollectionViewCell.swift */,
				FB0B57041E664F7E00051722 /* Item.swift */,
				FB0B57061E66638300051722 /* NormalViewController.swift */,
				FB0B57081E6669E900051722 /* DetailViewController.swift */,
			);
			path = CollectionViewController;
			sourceTree = "<group>";
		};
/* End PBXGroup section */

/* Begin PBXNativeTarget section */
		FB0B56E81E664DD200051722 /* CollectionViewController */ = {
			isa = PBXNativeTarget;
			buildConfigurationList = FB0B56FB1E664DD200051722 /* Build configuration list for PBXNativeTarget "CollectionViewController" */;
			buildPhases = (
				FB0B56E51E664DD200051722 /* Sources */,
				FB0B56E61E664DD200051722 /* Frameworks */,
				FB0B56E71E664DD200051722 /* Resources */,
			);
			buildRules = (
			);
			dependencies = (
			);
			name = CollectionViewController;
			productName = CollectionViewController;
			productReference = FB0B56E91E664DD200051722 /* CollectionViewController.app */;
			productType = "com.apple.product-type.application";
		};
/* End PBXNativeTarget section */

/* Begin PBXProject section */
		FB0B56E11E664DD200051722 /* Project object */ = {
			isa = PBXProject;
			attributes = {
				LastSwiftUpdateCheck = 0800;
				LastUpgradeCheck = 0800;
				ORGANIZATIONNAME = JorgeLimo;
				TargetAttributes = {
					FB0B56E81E664DD200051722 = {
						CreatedOnToolsVersion = 8.0;
						ProvisioningStyle = Automatic;
					};
				};
			};
			buildConfigurationList = FB0B56E41E664DD200051722 /* Build configuration list for PBXProject "CollectionViewController" */;
			compatibilityVersion = "Xcode 3.2";
			developmentRegion = English;
			hasScannedForEncodings = 0;
			knownRegions = (
				en,
				Base,
			);
			mainGroup = FB0B56E01E664DD200051722;
			productRefGroup = FB0B56EA1E664DD200051722 /* Products */;
			projectDirPath = "";
			projectRoot = "";
			targets = (
				FB0B56E81E664DD200051722 /* CollectionViewController */,
			);
		};
/* End PBXProject section */

/* Begin PBXResourcesBuildPhase section */
		FB0B56E71E664DD200051722 /* Resources */ = {
			isa = PBXResourcesBuildPhase;
			buildActionMask = 2147483647;
			files = (
				FB0B56F71E664DD200051722 /* LaunchScreen.storyboard in Resources */,
				FB0B56F41E664DD200051722 /* Assets.xcassets in Resources */,
				FB0B56F21E664DD200051722 /* Main.storyboard in Resources */,
			);
			runOnlyForDeploymentPostprocessing = 0;
		};
/* End PBXResourcesBuildPhase section */

/* Begin PBXSourcesBuildPhase section */
		FB0B56E51E664DD200051722 /* Sources */ = {
			isa = PBXSourcesBuildPhase;
			buildActionMask = 2147483647;
			files = (
				FB0B57051E664F7E00051722 /* Item.swift in Sources */,
				FB0B57071E66638300051722 /* NormalViewController.swift in Sources */,
				FB0B57031E664F4F00051722 /* ItemCollectionViewCell.swift in Sources */,
				FB0B57011E664ED900051722 /* ProductsCollectionViewController.swift in Sources */,
				FB0B56EF1E664DD200051722 /* ViewController.swift in Sources */,
				FB0B56ED1E664DD200051722 /* AppDelegate.swift in Sources */,
				FB0B57091E6669E900051722 /* DetailViewController.swift in Sources */,
			);
			runOnlyForDeploymentPostprocessing = 0;
		};
/* End PBXSourcesBuildPhase section */

/* Begin PBXVariantGroup section */
		FB0B56F01E664DD200051722 /* Main.storyboard */ = {
			isa = PBXVariantGroup;
			children = (
				FB0B56F11E664DD200051722 /* Base */,
			);
			name = Main.storyboard;
			sourceTree = "<group>";
		};
		FB0B56F51E664DD200051722 /* LaunchScreen.storyboard */ = {
			isa = PBXVariantGroup;
			children = (
				FB0B56F61E664DD200051722 /* Base */,
			);
			name = LaunchScreen.storyboard;
			sourceTree = "<group>";
		};
/* End PBXVariantGroup section */

/* Begin XCBuildConfiguration section */
		FB0B56F91E664DD200051722 /* Debug */ = {
			isa = XCBuildConfiguration;
			buildSettings = {
				ALWAYS_SEARCH_USER_PATHS = NO;
				CLANG_ANALYZER_NONNULL = YES;
				CLANG_CXX_LANGUAGE_STANDARD = "gnu++0x";
				CLANG_CXX_LIBRARY = "libc++";
				CLANG_ENABLE_MODULES = YES;
				CLANG_ENABLE_OBJC_ARC = YES;
				CLANG_WARN_BOOL_CONVERSION = YES;
				CLANG_WARN_CONSTANT_CONVERSION = YES;
				CLANG_WARN_DIRECT_OBJC_ISA_USAGE = YES_ERROR;
				CLANG_WARN_DOCUMENTATION_COMMENTS = YES;
				CLANG_WARN_EMPTY_BODY = YES;
				CLANG_WARN_ENUM_CONVERSION = YES;
				CLANG_WARN_INFINITE_RECURSION = YES;
				CLANG_WARN_INT_CONVERSION = YES;
				CLANG_WARN_OBJC_ROOT_CLASS = YES_ERROR;
				CLANG_WARN_SUSPICIOUS_MOVES = YES;
				CLANG_WARN_UNREACHABLE_CODE = YES;
				CLANG_WARN__DUPLICATE_METHOD_MATCH = YES;
				"CODE_SIGN_IDENTITY[sdk=iphoneos*]" = "iPhone Developer";
				COPY_PHASE_STRIP = NO;
				DEBUG_INFORMATION_FORMAT = dwarf;
				ENABLE_STRICT_OBJC_MSGSEND = YES;
				ENABLE_TESTABILITY = YES;
				GCC_C_LANGUAGE_STANDARD = gnu99;
				GCC_DYNAMIC_NO_PIC = NO;
				GCC_NO_COMMON_BLOCKS = YES;
				GCC_OPTIMIZATION_LEVEL = 0;
				GCC_PREPROCESSOR_DEFINITIONS = (
					"DEBUG=1",
					"$(inherited)",
				);
				GCC_WARN_64_TO_32_BIT_CONVERSION = YES;
				GCC_WARN_ABOUT_RETURN_TYPE = YES_ERROR;
				GCC_WARN_UNDECLARED_SELECTOR = YES;
				GCC_WARN_UNINITIALIZED_AUTOS = YES_AGGRESSIVE;
				GCC_WARN_UNUSED_FUNCTION = YES;
				GCC_WARN_UNUSED_VARIABLE = YES;
				IPHONEOS_DEPLOYMENT_TARGET = 10.0;
				MTL_ENABLE_DEBUG_INFO = YES;
				ONLY_ACTIVE_ARCH = YES;
				SDKROOT = iphoneos;
				SWIFT_ACTIVE_COMPILATION_CONDITIONS = DEBUG;
				SWIFT_OPTIMIZATION_LEVEL = "-Onone";
				TARGETED_DEVICE_FAMILY = "1,2";
			};
			name = Debug;
		};
		FB0B56FA1E664DD200051722 /* Release */ = {
			isa = XCBuildConfiguration;
			buildSettings = {
				ALWAYS_SEARCH_USER_PATHS = NO;
				CLANG_ANALYZER_NONNULL = YES;
				CLANG_CXX_LANGUAGE_STANDARD = "gnu++0x";
				CLANG_CXX_LIBRARY = "libc++";
				CLANG_ENABLE_MODULES = YES;
				CLANG_ENABLE_OBJC_ARC = YES;
				CLANG_WARN_BOOL_CONVERSION = YES;
				CLANG_WARN_CONSTANT_CONVERSION = YES;
				CLANG_WARN_DIRECT_OBJC_ISA_USAGE = YES_ERROR;
				CLANG_WARN_DOCUMENTATION_COMMENTS = YES;
				CLANG_WARN_EMPTY_BODY = YES;
				CLANG_WARN_ENUM_CONVERSION = YES;
				CLANG_WARN_INFINITE_RECURSION = YES;
				CLANG_WARN_INT_CONVERSION = YES;
				CLANG_WARN_OBJC_ROOT_CLASS = YES_ERROR;
				CLANG_WARN_SUSPICIOUS_MOVES = YES;
				CLANG_WARN_UNREACHABLE_CODE = YES;
				CLANG_WARN__DUPLICATE_METHOD_MATCH = YES;
				"CODE_SIGN_IDENTITY[sdk=iphoneos*]" = "iPhone Developer";
				COPY_PHASE_STRIP = NO;
				DEBUG_INFORMATION_FORMAT = "dwarf-with-dsym";
				ENABLE_NS_ASSERTIONS = NO;
				ENABLE_STRICT_OBJC_MSGSEND = YES;
				GCC_C_LANGUAGE_STANDARD = gnu99;
				GCC_NO_COMMON_BLOCKS = YES;
				GCC_WARN_64_TO_32_BIT_CONVERSION = YES;
				GCC_WARN_ABOUT_RETURN_TYPE = YES_ERROR;
				GCC_WARN_UNDECLARED_SELECTOR = YES;
				GCC_WARN_UNINITIALIZED_AUTOS = YES_AGGRESSIVE;
				GCC_WARN_UNUSED_FUNCTION = YES;
				GCC_WARN_UNUSED_VARIABLE = YES;
				IPHONEOS_DEPLOYMENT_TARGET = 10.0;
				MTL_ENABLE_DEBUG_INFO = NO;
				SDKROOT = iphoneos;
				SWIFT_OPTIMIZATION_LEVEL = "-Owholemodule";
				TARGETED_DEVICE_FAMILY = "1,2";
				VALIDATE_PRODUCT = YES;
			};
			name = Release;
		};
		FB0B56FC1E664DD200051722 /* Debug */ = {
			isa = XCBuildConfiguration;
			buildSettings = {
				ASSETCATALOG_COMPILER_APPICON_NAME = AppIcon;
				INFOPLIST_FILE = CollectionViewController/Info.plist;
				LD_RUNPATH_SEARCH_PATHS = "$(inherited) @executable_path/Frameworks";
				PRODUCT_BUNDLE_IDENTIFIER = pe.ourlimm.CollectionViewController;
				PRODUCT_NAME = "$(TARGET_NAME)";
				SWIFT_VERSION = 3.0;
			};
			name = Debug;
		};
		FB0B56FD1E664DD200051722 /* Release */ = {
			isa = XCBuildConfiguration;
			buildSettings = {
				ASSETCATALOG_COMPILER_APPICON_NAME = AppIcon;
				INFOPLIST_FILE = CollectionViewController/Info.plist;
				LD_RUNPATH_SEARCH_PATHS = "$(inherited) @executable_path/Frameworks";
				PRODUCT_BUNDLE_IDENTIFIER = pe.ourlimm.CollectionViewController;
				PRODUCT_NAME = "$(TARGET_NAME)";
				SWIFT_VERSION = 3.0;
			};
			name = Release;
		};
/* End XCBuildConfiguration section */

/* Begin XCConfigurationList section */
		FB0B56E41E664DD200051722 /* Build configuration list for PBXProject "CollectionViewController" */ = {
			isa = XCConfigurationList;
			buildConfigurations = (
				FB0B56F91E664DD200051722 /* Debug */,
				FB0B56FA1E664DD200051722 /* Release */,
			);
			defaultConfigurationIsVisible = 0;
			defaultConfigurationName = Release;
		};
		FB0B56FB1E664DD200051722 /* Build configuration list for PBXNativeTarget "CollectionViewController" */ = {
			isa = XCConfigurationList;
			buildConfigurations = (
				FB0B56FC1E664DD200051722 /* Debug */,
				FB0B56FD1E664DD200051722 /* Release */,
			);
			defaultConfigurationIsVisible = 0;
		};
/* End XCConfigurationList section */
	};
	rootObject = FB0B56E11E664DD200051722 /* Project object */;
}
